<?xml version="1.0" encoding="utf-8"?>
<Project ToolsVersion="4.0" xmlns="http://schemas.microsoft.com/developer/msbuild/2003">
  <ItemGroup>
    <Filter Include="Исходные файлы">
      <UniqueIdentifier>{4FC737F1-C7A5-4376-A066-2A32D752A2FF}</UniqueIdentifier>
      <Extensions>cpp;c;cc;cxx;c++;cppm;ixx;def;odl;idl;hpj;bat;asm;asmx</Extensions>
    </Filter>
    <Filter Include="Файлы заголовков">
      <UniqueIdentifier>{93995380-89BD-4b04-88EB-625FBE52EBFB}</UniqueIdentifier>
      <Extensions>h;hh;hpp;hxx;h++;hm;inl;inc;ipp;xsd</Extensions>
    </Filter>
    <Filter Include="Файлы ресурсов">
      <UniqueIdentifier>{67DA6AB6-F800-4c08-8B7A-83BB121AAD01}</UniqueIdentifier>
      <Extensions>rc;ico;cur;bmp;dlg;rc2;rct;bin;rgs;gif;jpg;jpeg;jpe;resx;tiff;tif;png;wav;mfcribbon-ms</Extensions>
    </Filter>
    <Filter Include="Мои заголовки">
      <UniqueIdentifier>{553819d4-ca14-4b7c-8bf7-116c911a5ac9}</UniqueIdentifier>
    </Filter>
    <Filter Include="level1">
      <UniqueIdentifier>{447c57a4-77d4-4e46-94fb-43f56e5649c2}</UniqueIdentifier>
    </Filter>
  </ItemGroup>
  <ItemGroup>
    <ClInclude Include="framework.h">
      <Filter>Файлы заголовков</Filter>
    </ClInclude>
    <ClInclude Include="targetver.h">
      <Filter>Файлы заголовков</Filter>
    </ClInclude>
    <ClInclude Include="Resource.h">
      <Filter>Файлы заголовков</Filter>
    </ClInclude>
    <ClInclude Include="WindowsProject2.h">
      <Filter>Файлы заголовков</Filter>
    </ClInclude>
    <ClInclude Include="gdiplusinit.h">
      <Filter>Мои заголовки</Filter>
    </ClInclude>
    <ClInclude Include="_2DsMax.h">
      <Filter>Мои заголовки</Filter>
    </ClInclude>
    <ClInclude Include="structures.h">
      <Filter>Мои заголовки</Filter>
    </ClInclude>
    <ClInclude Include="RTSCOM.h">
      <Filter>Файлы заголовков</Filter>
    </ClInclude>
    <ClInclude Include="combaseapi.h">
      <Filter>Файлы заголовков</Filter>
    </ClInclude>
    <ClInclude Include="stylus.h">
      <Filter>Мои заголовки</Filter>
    </ClInclude>
    <ClInclude Include="Stroke.h">
      <Filter>Файлы заголовков</Filter>
    </ClInclude>
    <ClInclude Include="touch.h">
      <Filter>Мои заголовки</Filter>
    </ClInclude>
    <ClInclude Include="list.h">
      <Filter>Мои заголовки</Filter>
    </ClInclude>
    <ClInclude Include="dynamic_array.h">
      <Filter>Файлы заголовков</Filter>
    </ClInclude>
    <ClInclude Include="class_forward_declarations.h">
      <Filter>level1</Filter>
    </ClInclude>
    <ClInclude Include="method_forward_declarations.h">
      <Filter>level1</Filter>
    </ClInclude>
    <ClInclude Include="functions.h">
      <Filter>level1</Filter>
    </ClInclude>
    <ClInclude Include="array2D.h">
      <Filter>level1</Filter>
    </ClInclude>
    <ClInclude Include="menu_creater.h">
      <Filter>level1</Filter>
    </ClInclude>
  </ItemGroup>
  <ItemGroup>
    <ClCompile Include="WindowsProject2.cpp">
      <Filter>Исходные файлы</Filter>
    </ClCompile>
    <ClCompile Include="RTSCOM_i.c">
      <Filter>Исходные файлы</Filter>
    </ClCompile>
    <ClCompile Include="Stroke.cpp">
      <Filter>Файлы заголовков</Filter>
    </ClCompile>
    <ClCompile Include="_2DsMax.cpp">
      <Filter>Исходные файлы</Filter>
    </ClCompile>
    <ClCompile Include="method_forward_declarations.cpp">
      <Filter>level1</Filter>
    </ClCompile>
  </ItemGroup>
  <ItemGroup>
    <ResourceCompile Include="WindowsProject2.rc">
      <Filter>Файлы ресурсов</Filter>
    </ResourceCompile>
  </ItemGroup>
  <ItemGroup>
    <Image Include="small.ico">
      <Filter>Файлы ресурсов</Filter>
    </Image>
    <Image Include="WindowsProject2.ico">
      <Filter>Файлы ресурсов</Filter>
    </Image>
  </ItemGroup>
</Project>